{
  "originHash" : "58620475b326837784365601e24dfb547c7df2220c710fff8023a611cf5c1944",
  "pins" : [
    {
      "identity" : "plaid-link-ios-spm",
      "kind" : "remoteSourceControl",
      "location" : "https://github.com/plaid/plaid-link-ios-spm",
      "state" : {
        "revision" : "9e18e24ae41caf8dd457df93f74f8a15add20098",
        "version" : "6.4.2"
      }
    }
  ],
  "version" : 3
}
